
Microsoft Visual Studio Solution File, Format Version 12.00
# Visual Studio 15
VisualStudioVersion = 15.0.27130.2010
MinimumVisualStudioVersion = 10.0.40219.1
Project("{FAE04EC0-301F-11D3-BF4B-00C04F79EFBC}") = "ZHub", "ZHub\ZHub.csproj", "{240FD5AC-0E74-471A-9FA7-C78A94510FB2}"
EndProject
Global
	GlobalSection(SolutionConfigurationPlatforms) = preSolution
		Debug|Any CPU = Debug|Any CPU
		Release|Any CPU = Release|Any CPU
	EndGlobalSection
	GlobalSection(ProjectConfigurationPlatforms) = postSolution
		{240FD5AC-0E74-471A-9FA7-C78A94510FB2}.Debug|Any CPU.ActiveCfg = Debug|Any CPU
		{240FD5AC-0E74-471A-9FA7-C78A94510FB2}.Debug|Any CPU.Build.0 = Debug|Any CPU
		{240FD5AC-0E74-471A-9FA7-C78A94510FB2}.Release|Any CPU.ActiveCfg = Release|Any CPU
		{240FD5AC-0E74-471A-9FA7-C78A94510FB2}.Release|Any CPU.Build.0 = Release|Any CPU
	EndGlobalSection
	GlobalSection(SolutionProperties) = preSolution
		HideSolutionNode = FALSE
	EndGlobalSection
	GlobalSection(ExtensibilityGlobals) = postSolution
		SolutionGuid = {6A3784E9-F2B1-4D3A-A820-38895A990742}
	EndGlobalSection
EndGlobal
